{
  "name": "raspberrypi",
  "version": "1.0.0",
  "lockfileVersion": 1,
  "requires": true,
  "dependencies": {
    "async": {
      "version": "0.2.10",
      "resolved": "https://registry.npmjs.org/async/-/async-0.2.10.tgz",
      "integrity": "sha1-trvgsGdLnXGXCMo43owjfLUmw9E="
    },
    "ds18x20": {
      "version": "0.2.0",
      "resolved": "https://registry.npmjs.org/ds18x20/-/ds18x20-0.2.0.tgz",
      "integrity": "sha1-D6zquTv78sZnDmB3yCoYjYqYWUE=",
      "requires": {
        "async": "~0.2.9",
        "sandal": "~1.0.1",
        "sync-exec": "~0.5"
      }
    },
    "sandal": {
      "version": "1.0.1",
      "resolved": "https://registry.npmjs.org/sandal/-/sandal-1.0.1.tgz",
      "integrity": "sha1-qTPgtU+xTSwF/vc4mtVZzXqQ0c8="
    },
    "sync-exec": {
      "version": "0.5.0",
      "resolved": "https://registry.npmjs.org/sync-exec/-/sync-exec-0.5.0.tgz",
      "integrity": "sha1-P3JY5KW6FyRTgZCfpqb2z1BuFmE="
    }
  }
}
